
Microsoft Visual Studio Solution File, Format Version 12.00
# Visual Studio Version 17
VisualStudioVersion = 17.5.33627.172
MinimumVisualStudioVersion = 10.0.40219.1
Project("{FAE04EC0-301F-11D3-BF4B-00C04F79EFBC}") = "InvoiceProjectMVCCore", "InvoiceProjectMVCCore\InvoiceProjectMVCCore.csproj", "{881BFB71-50B0-41A1-AFBB-A8C068081CEA}"
EndProject
Global
	GlobalSection(SolutionConfigurationPlatforms) = preSolution
		Debug|Any CPU = Debug|Any CPU
		Release|Any CPU = Release|Any CPU
	EndGlobalSection
	GlobalSection(ProjectConfigurationPlatforms) = postSolution
		{881BFB71-50B0-41A1-AFBB-A8C068081CEA}.Debug|Any CPU.ActiveCfg = Debug|Any CPU
		{881BFB71-50B0-41A1-AFBB-A8C068081CEA}.Debug|Any CPU.Build.0 = Debug|Any CPU
		{881BFB71-50B0-41A1-AFBB-A8C068081CEA}.Release|Any CPU.ActiveCfg = Release|Any CPU
		{881BFB71-50B0-41A1-AFBB-A8C068081CEA}.Release|Any CPU.Build.0 = Release|Any CPU
	EndGlobalSection
	GlobalSection(SolutionProperties) = preSolution
		HideSolutionNode = FALSE
	EndGlobalSection
	GlobalSection(ExtensibilityGlobals) = postSolution
		SolutionGuid = {FE9E665D-FD7B-4C9C-AE04-C63455E06BFC}
	EndGlobalSection
EndGlobal
